{
  "name": "flights",
  "version": "1.0.0",
  "lockfileVersion": 1,
  "requires": true,
  "dependencies": {
    "ammap3": {
      "version": "3.21.14",
      "resolved": "https://registry.npmjs.org/ammap3/-/ammap3-3.21.14.tgz",
      "integrity": "sha512-FQEe8Przcjy1rQlulmKwb9IV+pVA1JyV2uvoX37z3MTEFjMCeBdxRad9JqnCRFJWQr5ExgZ6+EKGkBKh7ZN1/A=="
    }
  }
}
